
Microsoft Visual Studio Solution File, Format Version 12.00
# Visual Studio 15
VisualStudioVersion = 15.0.28307.539
MinimumVisualStudioVersion = 10.0.40219.1
Project("{FAE04EC0-301F-11D3-BF4B-00C04F79EFBC}") = "BrowserChromium", "BrowserChromium\BrowserChromium.csproj", "{89F45429-01A1-47B4-B5E8-1CB8DD641DB0}"
EndProject
Global
	GlobalSection(SolutionConfigurationPlatforms) = preSolution
		Debug|Any CPU = Debug|Any CPU
		Debug|x64 = Debug|x64
		Release|Any CPU = Release|Any CPU
		Release|x64 = Release|x64
	EndGlobalSection
	GlobalSection(ProjectConfigurationPlatforms) = postSolution
		{89F45429-01A1-47B4-B5E8-1CB8DD641DB0}.Debug|Any CPU.ActiveCfg = Debug|Any CPU
		{89F45429-01A1-47B4-B5E8-1CB8DD641DB0}.Debug|Any CPU.Build.0 = Debug|Any CPU
		{89F45429-01A1-47B4-B5E8-1CB8DD641DB0}.Debug|x64.ActiveCfg = Debug|x64
		{89F45429-01A1-47B4-B5E8-1CB8DD641DB0}.Debug|x64.Build.0 = Debug|x64
		{89F45429-01A1-47B4-B5E8-1CB8DD641DB0}.Release|Any CPU.ActiveCfg = Release|Any CPU
		{89F45429-01A1-47B4-B5E8-1CB8DD641DB0}.Release|Any CPU.Build.0 = Release|Any CPU
		{89F45429-01A1-47B4-B5E8-1CB8DD641DB0}.Release|x64.ActiveCfg = Release|x64
		{89F45429-01A1-47B4-B5E8-1CB8DD641DB0}.Release|x64.Build.0 = Release|x64
	EndGlobalSection
	GlobalSection(SolutionProperties) = preSolution
		HideSolutionNode = FALSE
	EndGlobalSection
	GlobalSection(ExtensibilityGlobals) = postSolution
		SolutionGuid = {27B00044-893B-45A9-A00C-6BE1399A3B0E}
	EndGlobalSection
EndGlobal
